PODS:
  - Flutter (1.0.0)
  - flutter_local_device_discovery_darwin (0.1.0):
    - Flutter
    - FlutterMacOS

DEPENDENCIES:
  - Flutter (from `Flutter`)
  - flutter_local_device_discovery_darwin (from `.symlinks/plugins/flutter_local_device_discovery_darwin/darwin`)

EXTERNAL SOURCES:
  Flutter:
    :path: Flutter
  flutter_local_device_discovery_darwin:
    :path: ".symlinks/plugins/flutter_local_device_discovery_darwin/darwin"

SPEC CHECKSUMS:
  Flutter: cabc95a1d2626b1b06e7179b784ebcf0c0cde467
  flutter_local_device_discovery_darwin: f7f065b13f5efb1d4bb7a9df2c75effc9b3398df

PODFILE CHECKSUM: 53a6aebc29ccee84c41f92f409fc20cd4ca011f1

COCOAPODS: 1.16.2
